
Microsoft Visual Studio Solution File, Format Version 12.00
# Visual Studio Version 17
VisualStudioVersion = 17.14.36623.8
MinimumVisualStudioVersion = 10.0.40219.1
Project("{FAE04EC0-301F-11D3-BF4B-00C04F79EFBC}") = "Academy", "Academy\Academy.csproj", "{163B2AD4-65B8-47FF-A78A-ABF22561AF8B}"
EndProject
Project("{FAE04EC0-301F-11D3-BF4B-00C04F79EFBC}") = "Files", "Files\Files.csproj", "{21143471-F2F2-4C8E-A832-AEB168047151}"
EndProject
Global
	GlobalSection(SolutionConfigurationPlatforms) = preSolution
		Debug|Any CPU = Debug|Any CPU
		Release|Any CPU = Release|Any CPU
	EndGlobalSection
	GlobalSection(ProjectConfigurationPlatforms) = postSolution
		{163B2AD4-65B8-47FF-A78A-ABF22561AF8B}.Debug|Any CPU.ActiveCfg = Debug|Any CPU
		{163B2AD4-65B8-47FF-A78A-ABF22561AF8B}.Debug|Any CPU.Build.0 = Debug|Any CPU
		{163B2AD4-65B8-47FF-A78A-ABF22561AF8B}.Release|Any CPU.ActiveCfg = Release|Any CPU
		{163B2AD4-65B8-47FF-A78A-ABF22561AF8B}.Release|Any CPU.Build.0 = Release|Any CPU
		{21143471-F2F2-4C8E-A832-AEB168047151}.Debug|Any CPU.ActiveCfg = Debug|Any CPU
		{21143471-F2F2-4C8E-A832-AEB168047151}.Debug|Any CPU.Build.0 = Debug|Any CPU
		{21143471-F2F2-4C8E-A832-AEB168047151}.Release|Any CPU.ActiveCfg = Release|Any CPU
		{21143471-F2F2-4C8E-A832-AEB168047151}.Release|Any CPU.Build.0 = Release|Any CPU
	EndGlobalSection
	GlobalSection(SolutionProperties) = preSolution
		HideSolutionNode = FALSE
	EndGlobalSection
	GlobalSection(ExtensibilityGlobals) = postSolution
		SolutionGuid = {7BAA4328-33C2-4EEF-B6D7-83D8CDE9A57A}
	EndGlobalSection
EndGlobal
